
Microsoft Visual Studio Solution File, Format Version 12.00
# Visual Studio Version 17
VisualStudioVersion = 17.4.33403.182
MinimumVisualStudioVersion = 10.0.40219.1
Project("{2150E333-8FDC-42A3-9474-1A3956D46DE8}") = "Systems", "Systems", "{7654CDAA-4F4A-4860-A09E-1C5F2BAE1B7E}"
EndProject
Project("{2150E333-8FDC-42A3-9474-1A3956D46DE8}") = "Services", "Services", "{E8CE5322-4195-470D-96C5-30E8324A691F}"
EndProject
Project("{2150E333-8FDC-42A3-9474-1A3956D46DE8}") = "Api", "Api", "{53E369C0-36A6-4DAD-AC6D-59A9C3A3CE3D}"
EndProject
Project("{2150E333-8FDC-42A3-9474-1A3956D46DE8}") = "Shared", "Shared", "{EC36B77A-0A32-4172-9C39-703F88AA7380}"
EndProject
Project("{9A19103F-16F7-4668-BE54-9A1E7A4F7556}") = "exhibition.Common", "Shared\exhibition.Common\exhibition.Common.csproj", "{E24B7FBA-41EF-4D82-9341-595AD383DC60}"
EndProject
Project("{9A19103F-16F7-4668-BE54-9A1E7A4F7556}") = "exhibition.Settings", "Shared\exhibition.Settings\exhibition.Settings.csproj", "{75E5ED5E-578C-46C3-9E54-9A52CB5CC5A5}"
EndProject
Project("{9A19103F-16F7-4668-BE54-9A1E7A4F7556}") = "exhibition.Services.Settings", "Services\exhibition.Services.Settings\exhibition.Services.Settings.csproj", "{3C36F83E-2FC1-40B4-8C0A-5EDFB58C4824}"
EndProject
Project("{2150E333-8FDC-42A3-9474-1A3956D46DE8}") = "Data", "Data", "{4A07B138-08A9-4E8A-9E56-35486762E693}"
EndProject
Project("{9A19103F-16F7-4668-BE54-9A1E7A4F7556}") = "exhibitions.Context", "Data\exhibitions.Context\exhibitions.Context.csproj", "{582FFCDB-0E0D-4D45-B591-1B9CE217A721}"
EndProject
Project("{9A19103F-16F7-4668-BE54-9A1E7A4F7556}") = "exhibitions.Context.Entities", "Data\exhibitions.Context.Entities\exhibitions.Context.Entities.csproj", "{6321B407-5CD2-45C1-97D7-95CDDFEE452E}"
EndProject
Project("{2150E333-8FDC-42A3-9474-1A3956D46DE8}") = "Migrations", "Migrations", "{82B5D784-22D9-4B9E-A41D-6D0829B5642F}"
EndProject
Project("{9A19103F-16F7-4668-BE54-9A1E7A4F7556}") = "exhibitions.Context.MigrationsPostgreSQL", "Data\Migrations\exhibitions.Context.MigrationsPostgreSQL\exhibitions.Context.MigrationsPostgreSQL.csproj", "{58D711EC-CD83-420F-AE17-924186ED37E7}"
EndProject
Project("{9A19103F-16F7-4668-BE54-9A1E7A4F7556}") = "exhibitions.Context.MigrationsMSSQL", "Data\Migrations\exhibitions.Context.MigrationsMSSQL\exhibitions.Context.MigrationsMSSQL.csproj", "{74E1BDC6-8A6C-483B-BEA9-ED57E1B10EC0}"
EndProject
Project("{E53339B2-1760-4266-BCC7-CA923CBCF16C}") = "docker-compose", "docker-compose.dcproj", "{BB612A6F-4EAD-4308-B9BC-8F29315669B8}"
EndProject
Project("{9A19103F-16F7-4668-BE54-9A1E7A4F7556}") = "exhibition.Services.exhibitions", "Services\exhibition.Services.exhibitions\exhibition.Services.exhibitions.csproj", "{64C47283-B31F-457B-B574-6D3143ABE58D}"
EndProject
Project("{2150E333-8FDC-42A3-9474-1A3956D46DE8}") = "Identity", "Identity", "{3104B0A7-4EDC-40CA-BFB5-661E508F4DC4}"
EndProject
Project("{9A19103F-16F7-4668-BE54-9A1E7A4F7556}") = "exhibitions.Identity", "System\Identity\exhibitions.Identity\exhibitions.Identity.csproj", "{3EC0E867-E2F0-41F1-A429-DB9807569A07}"
EndProject
Project("{9A19103F-16F7-4668-BE54-9A1E7A4F7556}") = "exhibitions.Api", "System\Api\exhibitions.Api\exhibitions.Api.csproj", "{90D5EBAE-001E-4415-BE1B-07F4DE08A543}"
EndProject
Project("{9A19103F-16F7-4668-BE54-9A1E7A4F7556}") = "exhibitions.Settings", "System\Api\exhibitions.Settings\exhibitions.Settings.csproj", "{E0E7E208-6368-424D-A516-137110D875B8}"
EndProject
Global
	GlobalSection(SolutionConfigurationPlatforms) = preSolution
		Debug|Any CPU = Debug|Any CPU
		Release|Any CPU = Release|Any CPU
	EndGlobalSection
	GlobalSection(ProjectConfigurationPlatforms) = postSolution
		{E24B7FBA-41EF-4D82-9341-595AD383DC60}.Debug|Any CPU.ActiveCfg = Debug|Any CPU
		{E24B7FBA-41EF-4D82-9341-595AD383DC60}.Debug|Any CPU.Build.0 = Debug|Any CPU
		{E24B7FBA-41EF-4D82-9341-595AD383DC60}.Release|Any CPU.ActiveCfg = Release|Any CPU
		{E24B7FBA-41EF-4D82-9341-595AD383DC60}.Release|Any CPU.Build.0 = Release|Any CPU
		{75E5ED5E-578C-46C3-9E54-9A52CB5CC5A5}.Debug|Any CPU.ActiveCfg = Debug|Any CPU
		{75E5ED5E-578C-46C3-9E54-9A52CB5CC5A5}.Debug|Any CPU.Build.0 = Debug|Any CPU
		{75E5ED5E-578C-46C3-9E54-9A52CB5CC5A5}.Release|Any CPU.ActiveCfg = Release|Any CPU
		{75E5ED5E-578C-46C3-9E54-9A52CB5CC5A5}.Release|Any CPU.Build.0 = Release|Any CPU
		{3C36F83E-2FC1-40B4-8C0A-5EDFB58C4824}.Debug|Any CPU.ActiveCfg = Debug|Any CPU
		{3C36F83E-2FC1-40B4-8C0A-5EDFB58C4824}.Debug|Any CPU.Build.0 = Debug|Any CPU
		{3C36F83E-2FC1-40B4-8C0A-5EDFB58C4824}.Release|Any CPU.ActiveCfg = Release|Any CPU
		{3C36F83E-2FC1-40B4-8C0A-5EDFB58C4824}.Release|Any CPU.Build.0 = Release|Any CPU
		{582FFCDB-0E0D-4D45-B591-1B9CE217A721}.Debug|Any CPU.ActiveCfg = Debug|Any CPU
		{582FFCDB-0E0D-4D45-B591-1B9CE217A721}.Debug|Any CPU.Build.0 = Debug|Any CPU
		{582FFCDB-0E0D-4D45-B591-1B9CE217A721}.Release|Any CPU.ActiveCfg = Release|Any CPU
		{582FFCDB-0E0D-4D45-B591-1B9CE217A721}.Release|Any CPU.Build.0 = Release|Any CPU
		{6321B407-5CD2-45C1-97D7-95CDDFEE452E}.Debug|Any CPU.ActiveCfg = Debug|Any CPU
		{6321B407-5CD2-45C1-97D7-95CDDFEE452E}.Debug|Any CPU.Build.0 = Debug|Any CPU
		{6321B407-5CD2-45C1-97D7-95CDDFEE452E}.Release|Any CPU.ActiveCfg = Release|Any CPU
		{6321B407-5CD2-45C1-97D7-95CDDFEE452E}.Release|Any CPU.Build.0 = Release|Any CPU
		{58D711EC-CD83-420F-AE17-924186ED37E7}.Debug|Any CPU.ActiveCfg = Debug|Any CPU
		{58D711EC-CD83-420F-AE17-924186ED37E7}.Debug|Any CPU.Build.0 = Debug|Any CPU
		{58D711EC-CD83-420F-AE17-924186ED37E7}.Release|Any CPU.ActiveCfg = Release|Any CPU
		{58D711EC-CD83-420F-AE17-924186ED37E7}.Release|Any CPU.Build.0 = Release|Any CPU
		{74E1BDC6-8A6C-483B-BEA9-ED57E1B10EC0}.Debug|Any CPU.ActiveCfg = Debug|Any CPU
		{74E1BDC6-8A6C-483B-BEA9-ED57E1B10EC0}.Debug|Any CPU.Build.0 = Debug|Any CPU
		{74E1BDC6-8A6C-483B-BEA9-ED57E1B10EC0}.Release|Any CPU.ActiveCfg = Release|Any CPU
		{74E1BDC6-8A6C-483B-BEA9-ED57E1B10EC0}.Release|Any CPU.Build.0 = Release|Any CPU
		{BB612A6F-4EAD-4308-B9BC-8F29315669B8}.Debug|Any CPU.ActiveCfg = Debug|Any CPU
		{BB612A6F-4EAD-4308-B9BC-8F29315669B8}.Debug|Any CPU.Build.0 = Debug|Any CPU
		{BB612A6F-4EAD-4308-B9BC-8F29315669B8}.Release|Any CPU.ActiveCfg = Release|Any CPU
		{BB612A6F-4EAD-4308-B9BC-8F29315669B8}.Release|Any CPU.Build.0 = Release|Any CPU
		{64C47283-B31F-457B-B574-6D3143ABE58D}.Debug|Any CPU.ActiveCfg = Debug|Any CPU
		{64C47283-B31F-457B-B574-6D3143ABE58D}.Debug|Any CPU.Build.0 = Debug|Any CPU
		{64C47283-B31F-457B-B574-6D3143ABE58D}.Release|Any CPU.ActiveCfg = Release|Any CPU
		{64C47283-B31F-457B-B574-6D3143ABE58D}.Release|Any CPU.Build.0 = Release|Any CPU
		{3EC0E867-E2F0-41F1-A429-DB9807569A07}.Debug|Any CPU.ActiveCfg = Debug|Any CPU
		{3EC0E867-E2F0-41F1-A429-DB9807569A07}.Debug|Any CPU.Build.0 = Debug|Any CPU
		{3EC0E867-E2F0-41F1-A429-DB9807569A07}.Release|Any CPU.ActiveCfg = Release|Any CPU
		{3EC0E867-E2F0-41F1-A429-DB9807569A07}.Release|Any CPU.Build.0 = Release|Any CPU
		{90D5EBAE-001E-4415-BE1B-07F4DE08A543}.Debug|Any CPU.ActiveCfg = Debug|Any CPU
		{90D5EBAE-001E-4415-BE1B-07F4DE08A543}.Debug|Any CPU.Build.0 = Debug|Any CPU
		{90D5EBAE-001E-4415-BE1B-07F4DE08A543}.Release|Any CPU.ActiveCfg = Release|Any CPU
		{90D5EBAE-001E-4415-BE1B-07F4DE08A543}.Release|Any CPU.Build.0 = Release|Any CPU
		{E0E7E208-6368-424D-A516-137110D875B8}.Debug|Any CPU.ActiveCfg = Debug|Any CPU
		{E0E7E208-6368-424D-A516-137110D875B8}.Debug|Any CPU.Build.0 = Debug|Any CPU
		{E0E7E208-6368-424D-A516-137110D875B8}.Release|Any CPU.ActiveCfg = Release|Any CPU
		{E0E7E208-6368-424D-A516-137110D875B8}.Release|Any CPU.Build.0 = Release|Any CPU
	EndGlobalSection
	GlobalSection(SolutionProperties) = preSolution
		HideSolutionNode = FALSE
	EndGlobalSection
	GlobalSection(NestedProjects) = preSolution
		{53E369C0-36A6-4DAD-AC6D-59A9C3A3CE3D} = {7654CDAA-4F4A-4860-A09E-1C5F2BAE1B7E}
		{E24B7FBA-41EF-4D82-9341-595AD383DC60} = {EC36B77A-0A32-4172-9C39-703F88AA7380}
		{75E5ED5E-578C-46C3-9E54-9A52CB5CC5A5} = {EC36B77A-0A32-4172-9C39-703F88AA7380}
		{3C36F83E-2FC1-40B4-8C0A-5EDFB58C4824} = {E8CE5322-4195-470D-96C5-30E8324A691F}
		{582FFCDB-0E0D-4D45-B591-1B9CE217A721} = {4A07B138-08A9-4E8A-9E56-35486762E693}
		{6321B407-5CD2-45C1-97D7-95CDDFEE452E} = {4A07B138-08A9-4E8A-9E56-35486762E693}
		{82B5D784-22D9-4B9E-A41D-6D0829B5642F} = {4A07B138-08A9-4E8A-9E56-35486762E693}
		{58D711EC-CD83-420F-AE17-924186ED37E7} = {82B5D784-22D9-4B9E-A41D-6D0829B5642F}
		{74E1BDC6-8A6C-483B-BEA9-ED57E1B10EC0} = {82B5D784-22D9-4B9E-A41D-6D0829B5642F}
		{64C47283-B31F-457B-B574-6D3143ABE58D} = {E8CE5322-4195-470D-96C5-30E8324A691F}
		{3104B0A7-4EDC-40CA-BFB5-661E508F4DC4} = {7654CDAA-4F4A-4860-A09E-1C5F2BAE1B7E}
		{3EC0E867-E2F0-41F1-A429-DB9807569A07} = {3104B0A7-4EDC-40CA-BFB5-661E508F4DC4}
		{90D5EBAE-001E-4415-BE1B-07F4DE08A543} = {53E369C0-36A6-4DAD-AC6D-59A9C3A3CE3D}
		{E0E7E208-6368-424D-A516-137110D875B8} = {53E369C0-36A6-4DAD-AC6D-59A9C3A3CE3D}
	EndGlobalSection
	GlobalSection(ExtensibilityGlobals) = postSolution
		SolutionGuid = {316A8D1D-17C5-4255-B25E-FC0371C1C24B}
	EndGlobalSection
EndGlobal
